
Microsoft Visual Studio Solution File, Format Version 12.00
# Visual Studio Version 16
VisualStudioVersion = 16.0.31205.134
MinimumVisualStudioVersion = 10.0.40219.1
Project("{FAE04EC0-301F-11D3-BF4B-00C04F79EFBC}") = "Operation", "Operation.csproj", "{A5A86EB1-7398-40C7-A960-B852AFC24460}"
EndProject
Global
	GlobalSection(SolutionConfigurationPlatforms) = preSolution
		Debug|Any CPU = Debug|Any CPU
		Release|Any CPU = Release|Any CPU
	EndGlobalSection
	GlobalSection(ProjectConfigurationPlatforms) = postSolution
		{A5A86EB1-7398-40C7-A960-B852AFC24460}.Debug|Any CPU.ActiveCfg = Debug|Any CPU
		{A5A86EB1-7398-40C7-A960-B852AFC24460}.Debug|Any CPU.Build.0 = Debug|Any CPU
		{A5A86EB1-7398-40C7-A960-B852AFC24460}.Release|Any CPU.ActiveCfg = Release|Any CPU
		{A5A86EB1-7398-40C7-A960-B852AFC24460}.Release|Any CPU.Build.0 = Release|Any CPU
	EndGlobalSection
	GlobalSection(SolutionProperties) = preSolution
		HideSolutionNode = FALSE
	EndGlobalSection
	GlobalSection(ExtensibilityGlobals) = postSolution
		SolutionGuid = {0C5778AD-859B-4B82-A878-36F7B406D2F3}
	EndGlobalSection
EndGlobal
